
Microsoft Visual Studio Solution File, Format Version 12.00
# Visual Studio Version 17
VisualStudioVersion = 17.3.32825.248
MinimumVisualStudioVersion = 10.0.40219.1
Project("{FAE04EC0-301F-11D3-BF4B-00C04F79EFBC}") = "Assignment28sept", "Assignment28sept.csproj", "{04B9CFCD-5BE6-43FE-8176-190AF5C65548}"
EndProject
Global
	GlobalSection(SolutionConfigurationPlatforms) = preSolution
		Debug|Any CPU = Debug|Any CPU
		Release|Any CPU = Release|Any CPU
	EndGlobalSection
	GlobalSection(ProjectConfigurationPlatforms) = postSolution
		{04B9CFCD-5BE6-43FE-8176-190AF5C65548}.Debug|Any CPU.ActiveCfg = Debug|Any CPU
		{04B9CFCD-5BE6-43FE-8176-190AF5C65548}.Debug|Any CPU.Build.0 = Debug|Any CPU
		{04B9CFCD-5BE6-43FE-8176-190AF5C65548}.Release|Any CPU.ActiveCfg = Release|Any CPU
		{04B9CFCD-5BE6-43FE-8176-190AF5C65548}.Release|Any CPU.Build.0 = Release|Any CPU
	EndGlobalSection
	GlobalSection(SolutionProperties) = preSolution
		HideSolutionNode = FALSE
	EndGlobalSection
	GlobalSection(ExtensibilityGlobals) = postSolution
		SolutionGuid = {57DB819C-DEE3-4B65-91B3-BA9DB4C210BF}
	EndGlobalSection
EndGlobal
